
Microsoft Visual Studio Solution File, Format Version 12.00
# Visual Studio Version 17
VisualStudioVersion = 17.3.32825.248
MinimumVisualStudioVersion = 10.0.40219.1
Project("{9A19103F-16F7-4668-BE54-9A1E7A4F7556}") = "Arv.test", "Arv.test.csproj", "{BDC7E59E-032A-43DC-B379-C5799A9F5EA0}"
EndProject
Global
	GlobalSection(SolutionConfigurationPlatforms) = preSolution
		Debug|Any CPU = Debug|Any CPU
		Release|Any CPU = Release|Any CPU
	EndGlobalSection
	GlobalSection(ProjectConfigurationPlatforms) = postSolution
		{BDC7E59E-032A-43DC-B379-C5799A9F5EA0}.Debug|Any CPU.ActiveCfg = Debug|Any CPU
		{BDC7E59E-032A-43DC-B379-C5799A9F5EA0}.Debug|Any CPU.Build.0 = Debug|Any CPU
		{BDC7E59E-032A-43DC-B379-C5799A9F5EA0}.Release|Any CPU.ActiveCfg = Release|Any CPU
		{BDC7E59E-032A-43DC-B379-C5799A9F5EA0}.Release|Any CPU.Build.0 = Release|Any CPU
	EndGlobalSection
	GlobalSection(SolutionProperties) = preSolution
		HideSolutionNode = FALSE
	EndGlobalSection
	GlobalSection(ExtensibilityGlobals) = postSolution
		SolutionGuid = {C2B9EC2F-F69F-4D13-BD2E-6FA6C8F97E67}
	EndGlobalSection
EndGlobal
